{
  "name": "@slizenko/node-mongo-kafka-emitter",
  "version": "0.0.2",
  "lockfileVersion": 1,
  "requires": true,
  "dependencies": {
    "nanoid": {
      "version": "3.1.16",
      "resolved": "https://registry.npmjs.org/nanoid/-/nanoid-3.1.16.tgz",
      "integrity": "sha512-+AK8MN0WHji40lj8AEuwLOvLSbWYApQpre/aFJZD71r43wVRLrOYS4FmJOPQYon1TqB462RzrrxlfA74XRES8w=="
    }
  }
}
